
Microsoft Visual Studio Solution File, Format Version 12.00
# Visual Studio 15
VisualStudioVersion = 15.0.27428.2037
MinimumVisualStudioVersion = 10.0.40219.1
Project("{FAE04EC0-301F-11D3-BF4B-00C04F79EFBC}") = "COMINT.Retrieval.Engine", "COMINT.Retrieval.Engine\COMINT.Retrieval.Engine.csproj", "{44B9BDA6-544D-4793-ABA5-847F52A8585B}"
EndProject
Project("{FAE04EC0-301F-11D3-BF4B-00C04F79EFBC}") = "COMINT.Retrieval.Application", "COMINT.Retrieval.Application\COMINT.Retrieval.Application.csproj", "{C4274845-F9D2-4B69-8210-935FA94FB805}"
EndProject
Project("{FAE04EC0-301F-11D3-BF4B-00C04F79EFBC}") = "COMINT.Retrieval.Common", "COMINT.Retrieval.Common\COMINT.Retrieval.Common.csproj", "{F6C2386E-CD6B-47CD-8A9E-6DCFFAEE765D}"
EndProject
Global
	GlobalSection(SolutionConfigurationPlatforms) = preSolution
		Debug|Any CPU = Debug|Any CPU
		Release|Any CPU = Release|Any CPU
	EndGlobalSection
	GlobalSection(ProjectConfigurationPlatforms) = postSolution
		{44B9BDA6-544D-4793-ABA5-847F52A8585B}.Debug|Any CPU.ActiveCfg = Debug|Any CPU
		{44B9BDA6-544D-4793-ABA5-847F52A8585B}.Debug|Any CPU.Build.0 = Debug|Any CPU
		{44B9BDA6-544D-4793-ABA5-847F52A8585B}.Release|Any CPU.ActiveCfg = Release|Any CPU
		{44B9BDA6-544D-4793-ABA5-847F52A8585B}.Release|Any CPU.Build.0 = Release|Any CPU
		{C4274845-F9D2-4B69-8210-935FA94FB805}.Debug|Any CPU.ActiveCfg = Debug|Any CPU
		{C4274845-F9D2-4B69-8210-935FA94FB805}.Debug|Any CPU.Build.0 = Debug|Any CPU
		{C4274845-F9D2-4B69-8210-935FA94FB805}.Release|Any CPU.ActiveCfg = Release|Any CPU
		{C4274845-F9D2-4B69-8210-935FA94FB805}.Release|Any CPU.Build.0 = Release|Any CPU
		{F6C2386E-CD6B-47CD-8A9E-6DCFFAEE765D}.Debug|Any CPU.ActiveCfg = Debug|Any CPU
		{F6C2386E-CD6B-47CD-8A9E-6DCFFAEE765D}.Debug|Any CPU.Build.0 = Debug|Any CPU
		{F6C2386E-CD6B-47CD-8A9E-6DCFFAEE765D}.Release|Any CPU.ActiveCfg = Release|Any CPU
		{F6C2386E-CD6B-47CD-8A9E-6DCFFAEE765D}.Release|Any CPU.Build.0 = Release|Any CPU
	EndGlobalSection
	GlobalSection(SolutionProperties) = preSolution
		HideSolutionNode = FALSE
	EndGlobalSection
	GlobalSection(ExtensibilityGlobals) = postSolution
		SolutionGuid = {7EE2C4D7-039A-4DE0-9169-F37BCFFB4FD8}
	EndGlobalSection
EndGlobal
